// !$*UTF8*$!
{
	archiveVersion = 1;
	classes = {
	};
	objectVersion = 50;
	objects = {

/* Begin PBXBuildFile section */
		181126B6237A4E2E00B29A55 /* TabBarViewController.swift in Sources */ = {isa = PBXBuildFile; fileRef = 181126B5237A4E2E00B29A55 /* TabBarViewController.swift */; };
		181126B8237A4FFC00B29A55 /* UIViewController+Extension.swift in Sources */ = {isa = PBXBuildFile; fileRef = 181126B7237A4FFC00B29A55 /* UIViewController+Extension.swift */; };
		181126BA237A7B7900B29A55 /* HomeViewController.swift in Sources */ = {isa = PBXBuildFile; fileRef = 181126B9237A7B7900B29A55 /* HomeViewController.swift */; };
		181126BC237A882600B29A55 /* TicketViewController.swift in Sources */ = {isa = PBXBuildFile; fileRef = 181126BB237A882600B29A55 /* TicketViewController.swift */; };
		18933BC223792ACC005FD30A /* SignUpViewController.swift in Sources */ = {isa = PBXBuildFile; fileRef = 18933BC123792ACC005FD30A /* SignUpViewController.swift */; };
		18933BC423792AEA005FD30A /* UIView+Design.swift in Sources */ = {isa = PBXBuildFile; fileRef = 18933BC323792AEA005FD30A /* UIView+Design.swift */; };
		18933BC6237931E6005FD30A /* UITextField+Extension.swift in Sources */ = {isa = PBXBuildFile; fileRef = 18933BC5237931E6005FD30A /* UITextField+Extension.swift */; };
		18933BC8237947F0005FD30A /* SignInViewController.swift in Sources */ = {isa = PBXBuildFile; fileRef = 18933BC7237947F0005FD30A /* SignInViewController.swift */; };
		18C6DAAF2375551A009F35A3 /* AppDelegate.swift in Sources */ = {isa = PBXBuildFile; fileRef = 18C6DAAE2375551A009F35A3 /* AppDelegate.swift */; };
		18C6DAB12375551A009F35A3 /* SceneDelegate.swift in Sources */ = {isa = PBXBuildFile; fileRef = 18C6DAB02375551A009F35A3 /* SceneDelegate.swift */; };
		18C6DAB32375551A009F35A3 /* ViewController.swift in Sources */ = {isa = PBXBuildFile; fileRef = 18C6DAB22375551A009F35A3 /* ViewController.swift */; };
		18C6DAB62375551A009F35A3 /* Main.storyboard in Resources */ = {isa = PBXBuildFile; fileRef = 18C6DAB42375551A009F35A3 /* Main.storyboard */; };
		18C6DAB82375551D009F35A3 /* Assets.xcassets in Resources */ = {isa = PBXBuildFile; fileRef = 18C6DAB72375551D009F35A3 /* Assets.xcassets */; };
		18C6DABB2375551D009F35A3 /* LaunchScreen.storyboard in Resources */ = {isa = PBXBuildFile; fileRef = 18C6DAB92375551D009F35A3 /* LaunchScreen.storyboard */; };
		18C6DAC323755E60009F35A3 /* CustomButton.swift in Sources */ = {isa = PBXBuildFile; fileRef = 18C6DAC223755E60009F35A3 /* CustomButton.swift */; };
		18C6DAC623756256009F35A3 /* UIButton+Design.swift in Sources */ = {isa = PBXBuildFile; fileRef = 18C6DAC523756256009F35A3 /* UIButton+Design.swift */; };
		18CDC85D237BE52F00D5B2EB /* ExploreViewController.swift in Sources */ = {isa = PBXBuildFile; fileRef = 18CDC85C237BE52F00D5B2EB /* ExploreViewController.swift */; };
		18CDC860237BE61B00D5B2EB /* ExploreTableViewCell.swift in Sources */ = {isa = PBXBuildFile; fileRef = 18CDC85F237BE61B00D5B2EB /* ExploreTableViewCell.swift */; };
/* End PBXBuildFile section */

/* Begin PBXFileReference section */
		181126B5237A4E2E00B29A55 /* TabBarViewController.swift */ = {isa = PBXFileReference; lastKnownFileType = sourcecode.swift; path = TabBarViewController.swift; sourceTree = "<group>"; };
		181126B7237A4FFC00B29A55 /* UIViewController+Extension.swift */ = {isa = PBXFileReference; lastKnownFileType = sourcecode.swift; path = "UIViewController+Extension.swift"; sourceTree = "<group>"; };
		181126B9237A7B7900B29A55 /* HomeViewController.swift */ = {isa = PBXFileReference; lastKnownFileType = sourcecode.swift; path = HomeViewController.swift; sourceTree = "<group>"; };
		181126BB237A882600B29A55 /* TicketViewController.swift */ = {isa = PBXFileReference; lastKnownFileType = sourcecode.swift; path = TicketViewController.swift; sourceTree = "<group>"; };
		18933BC123792ACC005FD30A /* SignUpViewController.swift */ = {isa = PBXFileReference; lastKnownFileType = sourcecode.swift; path = SignUpViewController.swift; sourceTree = "<group>"; };
		18933BC323792AEA005FD30A /* UIView+Design.swift */ = {isa = PBXFileReference; lastKnownFileType = sourcecode.swift; path = "UIView+Design.swift"; sourceTree = "<group>"; };
		18933BC5237931E6005FD30A /* UITextField+Extension.swift */ = {isa = PBXFileReference; lastKnownFileType = sourcecode.swift; path = "UITextField+Extension.swift"; sourceTree = "<group>"; };
		18933BC7237947F0005FD30A /* SignInViewController.swift */ = {isa = PBXFileReference; lastKnownFileType = sourcecode.swift; path = SignInViewController.swift; sourceTree = "<group>"; };
		18C6DAAB2375551A009F35A3 /* AllConcept.app */ = {isa = PBXFileReference; explicitFileType = wrapper.application; includeInIndex = 0; path = AllConcept.app; sourceTree = BUILT_PRODUCTS_DIR; };
		18C6DAAE2375551A009F35A3 /* AppDelegate.swift */ = {isa = PBXFileReference; lastKnownFileType = sourcecode.swift; path = AppDelegate.swift; sourceTree = "<group>"; };
		18C6DAB02375551A009F35A3 /* SceneDelegate.swift */ = {isa = PBXFileReference; lastKnownFileType = sourcecode.swift; path = SceneDelegate.swift; sourceTree = "<group>"; };
		18C6DAB22375551A009F35A3 /* ViewController.swift */ = {isa = PBXFileReference; lastKnownFileType = sourcecode.swift; path = ViewController.swift; sourceTree = "<group>"; };
		18C6DAB52375551A009F35A3 /* Base */ = {isa = PBXFileReference; lastKnownFileType = file.storyboard; name = Base; path = Base.lproj/Main.storyboard; sourceTree = "<group>"; };
		18C6DAB72375551D009F35A3 /* Assets.xcassets */ = {isa = PBXFileReference; lastKnownFileType = folder.assetcatalog; path = Assets.xcassets; sourceTree = "<group>"; };
		18C6DABA2375551D009F35A3 /* Base */ = {isa = PBXFileReference; lastKnownFileType = file.storyboard; name = Base; path = Base.lproj/LaunchScreen.storyboard; sourceTree = "<group>"; };
		18C6DABC2375551D009F35A3 /* Info.plist */ = {isa = PBXFileReference; lastKnownFileType = text.plist.xml; path = Info.plist; sourceTree = "<group>"; };
		18C6DAC223755E60009F35A3 /* CustomButton.swift */ = {isa = PBXFileReference; lastKnownFileType = sourcecode.swift; path = CustomButton.swift; sourceTree = "<group>"; };
		18C6DAC523756256009F35A3 /* UIButton+Design.swift */ = {isa = PBXFileReference; lastKnownFileType = sourcecode.swift; path = "UIButton+Design.swift"; sourceTree = "<group>"; };
		18CDC85C237BE52F00D5B2EB /* ExploreViewController.swift */ = {isa = PBXFileReference; lastKnownFileType = sourcecode.swift; path = ExploreViewController.swift; sourceTree = "<group>"; };
		18CDC85F237BE61B00D5B2EB /* ExploreTableViewCell.swift */ = {isa = PBXFileReference; lastKnownFileType = sourcecode.swift; path = ExploreTableViewCell.swift; sourceTree = "<group>"; };
/* End PBXFileReference section */

/* Begin PBXFrameworksBuildPhase section */
		18C6DAA82375551A009F35A3 /* Frameworks */ = {
			isa = PBXFrameworksBuildPhase;
			buildActionMask = 2147483647;
			files = (
			);
			runOnlyForDeploymentPostprocessing = 0;
		};
/* End PBXFrameworksBuildPhase section */

/* Begin PBXGroup section */
		18933BC023792A7B005FD30A /* Controllers */ = {
			isa = PBXGroup;
			children = (
				18CDC85E237BE5CD00D5B2EB /* ExpolewTableCell */,
				18933BC123792ACC005FD30A /* SignUpViewController.swift */,
				18933BC7237947F0005FD30A /* SignInViewController.swift */,
				181126B5237A4E2E00B29A55 /* TabBarViewController.swift */,
				181126B9237A7B7900B29A55 /* HomeViewController.swift */,
				181126BB237A882600B29A55 /* TicketViewController.swift */,
				18CDC85C237BE52F00D5B2EB /* ExploreViewController.swift */,
			);
			path = Controllers;
			sourceTree = "<group>";
		};
		18C6DAA22375551A009F35A3 = {
			isa = PBXGroup;
			children = (
				18C6DAAD2375551A009F35A3 /* AllConcept */,
				18C6DAAC2375551A009F35A3 /* Products */,
			);
			sourceTree = "<group>";
		};
		18C6DAAC2375551A009F35A3 /* Products */ = {
			isa = PBXGroup;
			children = (
				18C6DAAB2375551A009F35A3 /* AllConcept.app */,
			);
			name = Products;
			sourceTree = "<group>";
		};
		18C6DAAD2375551A009F35A3 /* AllConcept */ = {
			isa = PBXGroup;
			children = (
				18933BC023792A7B005FD30A /* Controllers */,
				18C6DAC423756215009F35A3 /* Extension */,
				18C6DAAE2375551A009F35A3 /* AppDelegate.swift */,
				18C6DAB02375551A009F35A3 /* SceneDelegate.swift */,
				18C6DAB22375551A009F35A3 /* ViewController.swift */,
				18C6DAB42375551A009F35A3 /* Main.storyboard */,
				18C6DAB72375551D009F35A3 /* Assets.xcassets */,
				18C6DAB92375551D009F35A3 /* LaunchScreen.storyboard */,
				18C6DABC2375551D009F35A3 /* Info.plist */,
				18C6DAC223755E60009F35A3 /* CustomButton.swift */,
			);
			path = AllConcept;
			sourceTree = "<group>";
		};
		18C6DAC423756215009F35A3 /* Extension */ = {
			isa = PBXGroup;
			children = (
				18C6DAC523756256009F35A3 /* UIButton+Design.swift */,
				18933BC323792AEA005FD30A /* UIView+Design.swift */,
				18933BC5237931E6005FD30A /* UITextField+Extension.swift */,
				181126B7237A4FFC00B29A55 /* UIViewController+Extension.swift */,
			);
			path = Extension;
			sourceTree = "<group>";
		};
		18CDC85E237BE5CD00D5B2EB /* ExpolewTableCell */ = {
			isa = PBXGroup;
			children = (
				18CDC85F237BE61B00D5B2EB /* ExploreTableViewCell.swift */,
			);
			path = ExpolewTableCell;
			sourceTree = "<group>";
		};
/* End PBXGroup section */

/* Begin PBXNativeTarget section */
		18C6DAAA2375551A009F35A3 /* AllConcept */ = {
			isa = PBXNativeTarget;
			buildConfigurationList = 18C6DABF2375551D009F35A3 /* Build configuration list for PBXNativeTarget "AllConcept" */;
			buildPhases = (
				18C6DAA72375551A009F35A3 /* Sources */,
				18C6DAA82375551A009F35A3 /* Frameworks */,
				18C6DAA92375551A009F35A3 /* Resources */,
			);
			buildRules = (
			);
			dependencies = (
			);
			name = AllConcept;
			productName = AllConcept;
			productReference = 18C6DAAB2375551A009F35A3 /* AllConcept.app */;
			productType = "com.apple.product-type.application";
		};
/* End PBXNativeTarget section */

/* Begin PBXProject section */
		18C6DAA32375551A009F35A3 /* Project object */ = {
			isa = PBXProject;
			attributes = {
				LastSwiftUpdateCheck = 1110;
				LastUpgradeCheck = 1110;
				ORGANIZATIONNAME = apple;
				TargetAttributes = {
					18C6DAAA2375551A009F35A3 = {
						CreatedOnToolsVersion = 11.1;
					};
				};
			};
			buildConfigurationList = 18C6DAA62375551A009F35A3 /* Build configuration list for PBXProject "AllConcept" */;
			compatibilityVersion = "Xcode 9.3";
			developmentRegion = en;
			hasScannedForEncodings = 0;
			knownRegions = (
				en,
				Base,
			);
			mainGroup = 18C6DAA22375551A009F35A3;
			productRefGroup = 18C6DAAC2375551A009F35A3 /* Products */;
			projectDirPath = "";
			projectRoot = "";
			targets = (
				18C6DAAA2375551A009F35A3 /* AllConcept */,
			);
		};
/* End PBXProject section */

/* Begin PBXResourcesBuildPhase section */
		18C6DAA92375551A009F35A3 /* Resources */ = {
			isa = PBXResourcesBuildPhase;
			buildActionMask = 2147483647;
			files = (
				18C6DABB2375551D009F35A3 /* LaunchScreen.storyboard in Resources */,
				18C6DAB82375551D009F35A3 /* Assets.xcassets in Resources */,
				18C6DAB62375551A009F35A3 /* Main.storyboard in Resources */,
			);
			runOnlyForDeploymentPostprocessing = 0;
		};
/* End PBXResourcesBuildPhase section */

/* Begin PBXSourcesBuildPhase section */
		18C6DAA72375551A009F35A3 /* Sources */ = {
			isa = PBXSourcesBuildPhase;
			buildActionMask = 2147483647;
			files = (
				18933BC223792ACC005FD30A /* SignUpViewController.swift in Sources */,
				181126B8237A4FFC00B29A55 /* UIViewController+Extension.swift in Sources */,
				181126BC237A882600B29A55 /* TicketViewController.swift in Sources */,
				18C6DAC323755E60009F35A3 /* CustomButton.swift in Sources */,
				18C6DAB32375551A009F35A3 /* ViewController.swift in Sources */,
				18933BC423792AEA005FD30A /* UIView+Design.swift in Sources */,
				18CDC860237BE61B00D5B2EB /* ExploreTableViewCell.swift in Sources */,
				18C6DAAF2375551A009F35A3 /* AppDelegate.swift in Sources */,
				18933BC8237947F0005FD30A /* SignInViewController.swift in Sources */,
				18933BC6237931E6005FD30A /* UITextField+Extension.swift in Sources */,
				18C6DAC623756256009F35A3 /* UIButton+Design.swift in Sources */,
				181126B6237A4E2E00B29A55 /* TabBarViewController.swift in Sources */,
				18C6DAB12375551A009F35A3 /* SceneDelegate.swift in Sources */,
				18CDC85D237BE52F00D5B2EB /* ExploreViewController.swift in Sources */,
				181126BA237A7B7900B29A55 /* HomeViewController.swift in Sources */,
			);
			runOnlyForDeploymentPostprocessing = 0;
		};
/* End PBXSourcesBuildPhase section */

/* Begin PBXVariantGroup section */
		18C6DAB42375551A009F35A3 /* Main.storyboard */ = {
			isa = PBXVariantGroup;
			children = (
				18C6DAB52375551A009F35A3 /* Base */,
			);
			name = Main.storyboard;
			sourceTree = "<group>";
		};
		18C6DAB92375551D009F35A3 /* LaunchScreen.storyboard */ = {
			isa = PBXVariantGroup;
			children = (
				18C6DABA2375551D009F35A3 /* Base */,
			);
			name = LaunchScreen.storyboard;
			sourceTree = "<group>";
		};
/* End PBXVariantGroup section */

/* Begin XCBuildConfiguration section */
		18C6DABD2375551D009F35A3 /* Debug */ = {
			isa = XCBuildConfiguration;
			buildSettings = {
				ALWAYS_SEARCH_USER_PATHS = NO;
				CLANG_ANALYZER_NONNULL = YES;
				CLANG_ANALYZER_NUMBER_OBJECT_CONVERSION = YES_AGGRESSIVE;
				CLANG_CXX_LANGUAGE_STANDARD = "gnu++14";
				CLANG_CXX_LIBRARY = "libc++";
				CLANG_ENABLE_MODULES = YES;
				CLANG_ENABLE_OBJC_ARC = YES;
				CLANG_ENABLE_OBJC_WEAK = YES;
				CLANG_WARN_BLOCK_CAPTURE_AUTORELEASING = YES;
				CLANG_WARN_BOOL_CONVERSION = YES;
				CLANG_WARN_COMMA = YES;
				CLANG_WARN_CONSTANT_CONVERSION = YES;
				CLANG_WARN_DEPRECATED_OBJC_IMPLEMENTATIONS = YES;
				CLANG_WARN_DIRECT_OBJC_ISA_USAGE = YES_ERROR;
				CLANG_WARN_DOCUMENTATION_COMMENTS = YES;
				CLANG_WARN_EMPTY_BODY = YES;
				CLANG_WARN_ENUM_CONVERSION = YES;
				CLANG_WARN_INFINITE_RECURSION = YES;
				CLANG_WARN_INT_CONVERSION = YES;
				CLANG_WARN_NON_LITERAL_NULL_CONVERSION = YES;
				CLANG_WARN_OBJC_IMPLICIT_RETAIN_SELF = YES;
				CLANG_WARN_OBJC_LITERAL_CONVERSION = YES;
				CLANG_WARN_OBJC_ROOT_CLASS = YES_ERROR;
				CLANG_WARN_RANGE_LOOP_ANALYSIS = YES;
				CLANG_WARN_STRICT_PROTOTYPES = YES;
				CLANG_WARN_SUSPICIOUS_MOVE = YES;
				CLANG_WARN_UNGUARDED_AVAILABILITY = YES_AGGRESSIVE;
				CLANG_WARN_UNREACHABLE_CODE = YES;
				CLANG_WARN__DUPLICATE_METHOD_MATCH = YES;
				COPY_PHASE_STRIP = NO;
				DEBUG_INFORMATION_FORMAT = dwarf;
				ENABLE_STRICT_OBJC_MSGSEND = YES;
				ENABLE_TESTABILITY = YES;
				GCC_C_LANGUAGE_STANDARD = gnu11;
				GCC_DYNAMIC_NO_PIC = NO;
				GCC_NO_COMMON_BLOCKS = YES;
				GCC_OPTIMIZATION_LEVEL = 0;
				GCC_PREPROCESSOR_DEFINITIONS = (
					"DEBUG=1",
					"$(inherited)",
				);
				GCC_WARN_64_TO_32_BIT_CONVERSION = YES;
				GCC_WARN_ABOUT_RETURN_TYPE = YES_ERROR;
				GCC_WARN_UNDECLARED_SELECTOR = YES;
				GCC_WARN_UNINITIALIZED_AUTOS = YES_AGGRESSIVE;
				GCC_WARN_UNUSED_FUNCTION = YES;
				GCC_WARN_UNUSED_VARIABLE = YES;
				IPHONEOS_DEPLOYMENT_TARGET = 13.1;
				MTL_ENABLE_DEBUG_INFO = INCLUDE_SOURCE;
				MTL_FAST_MATH = YES;
				ONLY_ACTIVE_ARCH = YES;
				SDKROOT = iphoneos;
				SWIFT_ACTIVE_COMPILATION_CONDITIONS = DEBUG;
				SWIFT_OPTIMIZATION_LEVEL = "-Onone";
			};
			name = Debug;
		};
		18C6DABE2375551D009F35A3 /* Release */ = {
			isa = XCBuildConfiguration;
			buildSettings = {
				ALWAYS_SEARCH_USER_PATHS = NO;
				CLANG_ANALYZER_NONNULL = YES;
				CLANG_ANALYZER_NUMBER_OBJECT_CONVERSION = YES_AGGRESSIVE;
				CLANG_CXX_LANGUAGE_STANDARD = "gnu++14";
				CLANG_CXX_LIBRARY = "libc++";
				CLANG_ENABLE_MODULES = YES;
				CLANG_ENABLE_OBJC_ARC = YES;
				CLANG_ENABLE_OBJC_WEAK = YES;
				CLANG_WARN_BLOCK_CAPTURE_AUTORELEASING = YES;
				CLANG_WARN_BOOL_CONVERSION = YES;
				CLANG_WARN_COMMA = YES;
				CLANG_WARN_CONSTANT_CONVERSION = YES;
				CLANG_WARN_DEPRECATED_OBJC_IMPLEMENTATIONS = YES;
				CLANG_WARN_DIRECT_OBJC_ISA_USAGE = YES_ERROR;
				CLANG_WARN_DOCUMENTATION_COMMENTS = YES;
				CLANG_WARN_EMPTY_BODY = YES;
				CLANG_WARN_ENUM_CONVERSION = YES;
				CLANG_WARN_INFINITE_RECURSION = YES;
				CLANG_WARN_INT_CONVERSION = YES;
				CLANG_WARN_NON_LITERAL_NULL_CONVERSION = YES;
				CLANG_WARN_OBJC_IMPLICIT_RETAIN_SELF = YES;
				CLANG_WARN_OBJC_LITERAL_CONVERSION = YES;
				CLANG_WARN_OBJC_ROOT_CLASS = YES_ERROR;
				CLANG_WARN_RANGE_LOOP_ANALYSIS = YES;
				CLANG_WARN_STRICT_PROTOTYPES = YES;
				CLANG_WARN_SUSPICIOUS_MOVE = YES;
				CLANG_WARN_UNGUARDED_AVAILABILITY = YES_AGGRESSIVE;
				CLANG_WARN_UNREACHABLE_CODE = YES;
				CLANG_WARN__DUPLICATE_METHOD_MATCH = YES;
				COPY_PHASE_STRIP = NO;
				DEBUG_INFORMATION_FORMAT = "dwarf-with-dsym";
				ENABLE_NS_ASSERTIONS = NO;
				ENABLE_STRICT_OBJC_MSGSEND = YES;
				GCC_C_LANGUAGE_STANDARD = gnu11;
				GCC_NO_COMMON_BLOCKS = YES;
				GCC_WARN_64_TO_32_BIT_CONVERSION = YES;
				GCC_WARN_ABOUT_RETURN_TYPE = YES_ERROR;
				GCC_WARN_UNDECLARED_SELECTOR = YES;
				GCC_WARN_UNINITIALIZED_AUTOS = YES_AGGRESSIVE;
				GCC_WARN_UNUSED_FUNCTION = YES;
				GCC_WARN_UNUSED_VARIABLE = YES;
				IPHONEOS_DEPLOYMENT_TARGET = 13.1;
				MTL_ENABLE_DEBUG_INFO = NO;
				MTL_FAST_MATH = YES;
				SDKROOT = iphoneos;
				SWIFT_COMPILATION_MODE = wholemodule;
				SWIFT_OPTIMIZATION_LEVEL = "-O";
				VALIDATE_PRODUCT = YES;
			};
			name = Release;
		};
		18C6DAC02375551D009F35A3 /* Debug */ = {
			isa = XCBuildConfiguration;
			buildSettings = {
				ASSETCATALOG_COMPILER_APPICON_NAME = AppIcon;
				CODE_SIGN_STYLE = Automatic;
				DEVELOPMENT_TEAM = H5493R3A7B;
				INFOPLIST_FILE = AllConcept/Info.plist;
				LD_RUNPATH_SEARCH_PATHS = (
					"$(inherited)",
					"@executable_path/Frameworks",
				);
				PRODUCT_BUNDLE_IDENTIFIER = com.apple.AllConcept;
				PRODUCT_NAME = "$(TARGET_NAME)";
				SWIFT_VERSION = 5.0;
				TARGETED_DEVICE_FAMILY = "1,2";
			};
			name = Debug;
		};
		18C6DAC12375551D009F35A3 /* Release */ = {
			isa = XCBuildConfiguration;
			buildSettings = {
				ASSETCATALOG_COMPILER_APPICON_NAME = AppIcon;
				CODE_SIGN_STYLE = Automatic;
				DEVELOPMENT_TEAM = H5493R3A7B;
				INFOPLIST_FILE = AllConcept/Info.plist;
				LD_RUNPATH_SEARCH_PATHS = (
					"$(inherited)",
					"@executable_path/Frameworks",
				);
				PRODUCT_BUNDLE_IDENTIFIER = com.apple.AllConcept;
				PRODUCT_NAME = "$(TARGET_NAME)";
				SWIFT_VERSION = 5.0;
				TARGETED_DEVICE_FAMILY = "1,2";
			};
			name = Release;
		};
/* End XCBuildConfiguration section */

/* Begin XCConfigurationList section */
		18C6DAA62375551A009F35A3 /* Build configuration list for PBXProject "AllConcept" */ = {
			isa = XCConfigurationList;
			buildConfigurations = (
				18C6DABD2375551D009F35A3 /* Debug */,
				18C6DABE2375551D009F35A3 /* Release */,
			);
			defaultConfigurationIsVisible = 0;
			defaultConfigurationName = Release;
		};
		18C6DABF2375551D009F35A3 /* Build configuration list for PBXNativeTarget "AllConcept" */ = {
			isa = XCConfigurationList;
			buildConfigurations = (
				18C6DAC02375551D009F35A3 /* Debug */,
				18C6DAC12375551D009F35A3 /* Release */,
			);
			defaultConfigurationIsVisible = 0;
			defaultConfigurationName = Release;
		};
/* End XCConfigurationList section */
	};
	rootObject = 18C6DAA32375551A009F35A3 /* Project object */;
}
