// !$*UTF8*$!
{
	archiveVersion = 1;
	classes = {
	};
	objectVersion = 50;
	objects = {

/* Begin PBXBuildFile section */
		189B91EC2360571900DA583C /* AppDelegate.swift in Sources */ = {isa = PBXBuildFile; fileRef = 189B91EB2360571900DA583C /* AppDelegate.swift */; };
		189B91EE2360571900DA583C /* SceneDelegate.swift in Sources */ = {isa = PBXBuildFile; fileRef = 189B91ED2360571900DA583C /* SceneDelegate.swift */; };
		189B91F02360571900DA583C /* ProfileViewController.swift in Sources */ = {isa = PBXBuildFile; fileRef = 189B91EF2360571900DA583C /* ProfileViewController.swift */; };
		189B91F32360571900DA583C /* Main.storyboard in Resources */ = {isa = PBXBuildFile; fileRef = 189B91F12360571900DA583C /* Main.storyboard */; };
		189B91F52360571A00DA583C /* Assets.xcassets in Resources */ = {isa = PBXBuildFile; fileRef = 189B91F42360571A00DA583C /* Assets.xcassets */; };
		189B91F82360571A00DA583C /* LaunchScreen.storyboard in Resources */ = {isa = PBXBuildFile; fileRef = 189B91F62360571A00DA583C /* LaunchScreen.storyboard */; };
		189B920023605F1700DA583C /* EditProfileViewController.swift in Sources */ = {isa = PBXBuildFile; fileRef = 189B91FF23605F1700DA583C /* EditProfileViewController.swift */; };
/* End PBXBuildFile section */

/* Begin PBXFileReference section */
		189B91E82360571900DA583C /* practice1.app */ = {isa = PBXFileReference; explicitFileType = wrapper.application; includeInIndex = 0; path = practice1.app; sourceTree = BUILT_PRODUCTS_DIR; };
		189B91EB2360571900DA583C /* AppDelegate.swift */ = {isa = PBXFileReference; lastKnownFileType = sourcecode.swift; path = AppDelegate.swift; sourceTree = "<group>"; };
		189B91ED2360571900DA583C /* SceneDelegate.swift */ = {isa = PBXFileReference; lastKnownFileType = sourcecode.swift; path = SceneDelegate.swift; sourceTree = "<group>"; };
		189B91EF2360571900DA583C /* ProfileViewController.swift */ = {isa = PBXFileReference; lastKnownFileType = sourcecode.swift; path = ProfileViewController.swift; sourceTree = "<group>"; };
		189B91F22360571900DA583C /* Base */ = {isa = PBXFileReference; lastKnownFileType = file.storyboard; name = Base; path = Base.lproj/Main.storyboard; sourceTree = "<group>"; };
		189B91F42360571A00DA583C /* Assets.xcassets */ = {isa = PBXFileReference; lastKnownFileType = folder.assetcatalog; path = Assets.xcassets; sourceTree = "<group>"; };
		189B91F72360571A00DA583C /* Base */ = {isa = PBXFileReference; lastKnownFileType = file.storyboard; name = Base; path = Base.lproj/LaunchScreen.storyboard; sourceTree = "<group>"; };
		189B91F92360571A00DA583C /* Info.plist */ = {isa = PBXFileReference; lastKnownFileType = text.plist.xml; path = Info.plist; sourceTree = "<group>"; };
		189B91FF23605F1700DA583C /* EditProfileViewController.swift */ = {isa = PBXFileReference; lastKnownFileType = sourcecode.swift; path = EditProfileViewController.swift; sourceTree = "<group>"; };
/* End PBXFileReference section */

/* Begin PBXFrameworksBuildPhase section */
		189B91E52360571900DA583C /* Frameworks */ = {
			isa = PBXFrameworksBuildPhase;
			buildActionMask = 2147483647;
			files = (
			);
			runOnlyForDeploymentPostprocessing = 0;
		};
/* End PBXFrameworksBuildPhase section */

/* Begin PBXGroup section */
		189B91DF2360571900DA583C = {
			isa = PBXGroup;
			children = (
				189B91EA2360571900DA583C /* practice1 */,
				189B91E92360571900DA583C /* Products */,
			);
			sourceTree = "<group>";
		};
		189B91E92360571900DA583C /* Products */ = {
			isa = PBXGroup;
			children = (
				189B91E82360571900DA583C /* practice1.app */,
			);
			name = Products;
			sourceTree = "<group>";
		};
		189B91EA2360571900DA583C /* practice1 */ = {
			isa = PBXGroup;
			children = (
				189B91EB2360571900DA583C /* AppDelegate.swift */,
				189B91ED2360571900DA583C /* SceneDelegate.swift */,
				189B91EF2360571900DA583C /* ProfileViewController.swift */,
				189B91FF23605F1700DA583C /* EditProfileViewController.swift */,
				189B91F12360571900DA583C /* Main.storyboard */,
				189B91F42360571A00DA583C /* Assets.xcassets */,
				189B91F62360571A00DA583C /* LaunchScreen.storyboard */,
				189B91F92360571A00DA583C /* Info.plist */,
			);
			path = practice1;
			sourceTree = "<group>";
		};
/* End PBXGroup section */

/* Begin PBXNativeTarget section */
		189B91E72360571900DA583C /* practice1 */ = {
			isa = PBXNativeTarget;
			buildConfigurationList = 189B91FC2360571A00DA583C /* Build configuration list for PBXNativeTarget "practice1" */;
			buildPhases = (
				189B91E42360571900DA583C /* Sources */,
				189B91E52360571900DA583C /* Frameworks */,
				189B91E62360571900DA583C /* Resources */,
			);
			buildRules = (
			);
			dependencies = (
			);
			name = practice1;
			productName = practice1;
			productReference = 189B91E82360571900DA583C /* practice1.app */;
			productType = "com.apple.product-type.application";
		};
/* End PBXNativeTarget section */

/* Begin PBXProject section */
		189B91E02360571900DA583C /* Project object */ = {
			isa = PBXProject;
			attributes = {
				LastSwiftUpdateCheck = 1110;
				LastUpgradeCheck = 1110;
				ORGANIZATIONNAME = apple;
				TargetAttributes = {
					189B91E72360571900DA583C = {
						CreatedOnToolsVersion = 11.1;
					};
				};
			};
			buildConfigurationList = 189B91E32360571900DA583C /* Build configuration list for PBXProject "practice1" */;
			compatibilityVersion = "Xcode 9.3";
			developmentRegion = en;
			hasScannedForEncodings = 0;
			knownRegions = (
				en,
				Base,
			);
			mainGroup = 189B91DF2360571900DA583C;
			productRefGroup = 189B91E92360571900DA583C /* Products */;
			projectDirPath = "";
			projectRoot = "";
			targets = (
				189B91E72360571900DA583C /* practice1 */,
			);
		};
/* End PBXProject section */

/* Begin PBXResourcesBuildPhase section */
		189B91E62360571900DA583C /* Resources */ = {
			isa = PBXResourcesBuildPhase;
			buildActionMask = 2147483647;
			files = (
				189B91F82360571A00DA583C /* LaunchScreen.storyboard in Resources */,
				189B91F52360571A00DA583C /* Assets.xcassets in Resources */,
				189B91F32360571900DA583C /* Main.storyboard in Resources */,
			);
			runOnlyForDeploymentPostprocessing = 0;
		};
/* End PBXResourcesBuildPhase section */

/* Begin PBXSourcesBuildPhase section */
		189B91E42360571900DA583C /* Sources */ = {
			isa = PBXSourcesBuildPhase;
			buildActionMask = 2147483647;
			files = (
				189B91F02360571900DA583C /* ProfileViewController.swift in Sources */,
				189B91EC2360571900DA583C /* AppDelegate.swift in Sources */,
				189B920023605F1700DA583C /* EditProfileViewController.swift in Sources */,
				189B91EE2360571900DA583C /* SceneDelegate.swift in Sources */,
			);
			runOnlyForDeploymentPostprocessing = 0;
		};
/* End PBXSourcesBuildPhase section */

/* Begin PBXVariantGroup section */
		189B91F12360571900DA583C /* Main.storyboard */ = {
			isa = PBXVariantGroup;
			children = (
				189B91F22360571900DA583C /* Base */,
			);
			name = Main.storyboard;
			sourceTree = "<group>";
		};
		189B91F62360571A00DA583C /* LaunchScreen.storyboard */ = {
			isa = PBXVariantGroup;
			children = (
				189B91F72360571A00DA583C /* Base */,
			);
			name = LaunchScreen.storyboard;
			sourceTree = "<group>";
		};
/* End PBXVariantGroup section */

/* Begin XCBuildConfiguration section */
		189B91FA2360571A00DA583C /* Debug */ = {
			isa = XCBuildConfiguration;
			buildSettings = {
				ALWAYS_SEARCH_USER_PATHS = NO;
				CLANG_ANALYZER_NONNULL = YES;
				CLANG_ANALYZER_NUMBER_OBJECT_CONVERSION = YES_AGGRESSIVE;
				CLANG_CXX_LANGUAGE_STANDARD = "gnu++14";
				CLANG_CXX_LIBRARY = "libc++";
				CLANG_ENABLE_MODULES = YES;
				CLANG_ENABLE_OBJC_ARC = YES;
				CLANG_ENABLE_OBJC_WEAK = YES;
				CLANG_WARN_BLOCK_CAPTURE_AUTORELEASING = YES;
				CLANG_WARN_BOOL_CONVERSION = YES;
				CLANG_WARN_COMMA = YES;
				CLANG_WARN_CONSTANT_CONVERSION = YES;
				CLANG_WARN_DEPRECATED_OBJC_IMPLEMENTATIONS = YES;
				CLANG_WARN_DIRECT_OBJC_ISA_USAGE = YES_ERROR;
				CLANG_WARN_DOCUMENTATION_COMMENTS = YES;
				CLANG_WARN_EMPTY_BODY = YES;
				CLANG_WARN_ENUM_CONVERSION = YES;
				CLANG_WARN_INFINITE_RECURSION = YES;
				CLANG_WARN_INT_CONVERSION = YES;
				CLANG_WARN_NON_LITERAL_NULL_CONVERSION = YES;
				CLANG_WARN_OBJC_IMPLICIT_RETAIN_SELF = YES;
				CLANG_WARN_OBJC_LITERAL_CONVERSION = YES;
				CLANG_WARN_OBJC_ROOT_CLASS = YES_ERROR;
				CLANG_WARN_RANGE_LOOP_ANALYSIS = YES;
				CLANG_WARN_STRICT_PROTOTYPES = YES;
				CLANG_WARN_SUSPICIOUS_MOVE = YES;
				CLANG_WARN_UNGUARDED_AVAILABILITY = YES_AGGRESSIVE;
				CLANG_WARN_UNREACHABLE_CODE = YES;
				CLANG_WARN__DUPLICATE_METHOD_MATCH = YES;
				COPY_PHASE_STRIP = NO;
				DEBUG_INFORMATION_FORMAT = dwarf;
				ENABLE_STRICT_OBJC_MSGSEND = YES;
				ENABLE_TESTABILITY = YES;
				GCC_C_LANGUAGE_STANDARD = gnu11;
				GCC_DYNAMIC_NO_PIC = NO;
				GCC_NO_COMMON_BLOCKS = YES;
				GCC_OPTIMIZATION_LEVEL = 0;
				GCC_PREPROCESSOR_DEFINITIONS = (
					"DEBUG=1",
					"$(inherited)",
				);
				GCC_WARN_64_TO_32_BIT_CONVERSION = YES;
				GCC_WARN_ABOUT_RETURN_TYPE = YES_ERROR;
				GCC_WARN_UNDECLARED_SELECTOR = YES;
				GCC_WARN_UNINITIALIZED_AUTOS = YES_AGGRESSIVE;
				GCC_WARN_UNUSED_FUNCTION = YES;
				GCC_WARN_UNUSED_VARIABLE = YES;
				IPHONEOS_DEPLOYMENT_TARGET = 13.1;
				MTL_ENABLE_DEBUG_INFO = INCLUDE_SOURCE;
				MTL_FAST_MATH = YES;
				ONLY_ACTIVE_ARCH = YES;
				SDKROOT = iphoneos;
				SWIFT_ACTIVE_COMPILATION_CONDITIONS = DEBUG;
				SWIFT_OPTIMIZATION_LEVEL = "-Onone";
			};
			name = Debug;
		};
		189B91FB2360571A00DA583C /* Release */ = {
			isa = XCBuildConfiguration;
			buildSettings = {
				ALWAYS_SEARCH_USER_PATHS = NO;
				CLANG_ANALYZER_NONNULL = YES;
				CLANG_ANALYZER_NUMBER_OBJECT_CONVERSION = YES_AGGRESSIVE;
				CLANG_CXX_LANGUAGE_STANDARD = "gnu++14";
				CLANG_CXX_LIBRARY = "libc++";
				CLANG_ENABLE_MODULES = YES;
				CLANG_ENABLE_OBJC_ARC = YES;
				CLANG_ENABLE_OBJC_WEAK = YES;
				CLANG_WARN_BLOCK_CAPTURE_AUTORELEASING = YES;
				CLANG_WARN_BOOL_CONVERSION = YES;
				CLANG_WARN_COMMA = YES;
				CLANG_WARN_CONSTANT_CONVERSION = YES;
				CLANG_WARN_DEPRECATED_OBJC_IMPLEMENTATIONS = YES;
				CLANG_WARN_DIRECT_OBJC_ISA_USAGE = YES_ERROR;
				CLANG_WARN_DOCUMENTATION_COMMENTS = YES;
				CLANG_WARN_EMPTY_BODY = YES;
				CLANG_WARN_ENUM_CONVERSION = YES;
				CLANG_WARN_INFINITE_RECURSION = YES;
				CLANG_WARN_INT_CONVERSION = YES;
				CLANG_WARN_NON_LITERAL_NULL_CONVERSION = YES;
				CLANG_WARN_OBJC_IMPLICIT_RETAIN_SELF = YES;
				CLANG_WARN_OBJC_LITERAL_CONVERSION = YES;
				CLANG_WARN_OBJC_ROOT_CLASS = YES_ERROR;
				CLANG_WARN_RANGE_LOOP_ANALYSIS = YES;
				CLANG_WARN_STRICT_PROTOTYPES = YES;
				CLANG_WARN_SUSPICIOUS_MOVE = YES;
				CLANG_WARN_UNGUARDED_AVAILABILITY = YES_AGGRESSIVE;
				CLANG_WARN_UNREACHABLE_CODE = YES;
				CLANG_WARN__DUPLICATE_METHOD_MATCH = YES;
				COPY_PHASE_STRIP = NO;
				DEBUG_INFORMATION_FORMAT = "dwarf-with-dsym";
				ENABLE_NS_ASSERTIONS = NO;
				ENABLE_STRICT_OBJC_MSGSEND = YES;
				GCC_C_LANGUAGE_STANDARD = gnu11;
				GCC_NO_COMMON_BLOCKS = YES;
				GCC_WARN_64_TO_32_BIT_CONVERSION = YES;
				GCC_WARN_ABOUT_RETURN_TYPE = YES_ERROR;
				GCC_WARN_UNDECLARED_SELECTOR = YES;
				GCC_WARN_UNINITIALIZED_AUTOS = YES_AGGRESSIVE;
				GCC_WARN_UNUSED_FUNCTION = YES;
				GCC_WARN_UNUSED_VARIABLE = YES;
				IPHONEOS_DEPLOYMENT_TARGET = 13.1;
				MTL_ENABLE_DEBUG_INFO = NO;
				MTL_FAST_MATH = YES;
				SDKROOT = iphoneos;
				SWIFT_COMPILATION_MODE = wholemodule;
				SWIFT_OPTIMIZATION_LEVEL = "-O";
				VALIDATE_PRODUCT = YES;
			};
			name = Release;
		};
		189B91FD2360571A00DA583C /* Debug */ = {
			isa = XCBuildConfiguration;
			buildSettings = {
				ASSETCATALOG_COMPILER_APPICON_NAME = AppIcon;
				CODE_SIGN_STYLE = Automatic;
				DEVELOPMENT_TEAM = H5493R3A7B;
				INFOPLIST_FILE = practice1/Info.plist;
				LD_RUNPATH_SEARCH_PATHS = (
					"$(inherited)",
					"@executable_path/Frameworks",
				);
				PRODUCT_BUNDLE_IDENTIFIER = com.apple.practice1;
				PRODUCT_NAME = "$(TARGET_NAME)";
				SWIFT_VERSION = 5.0;
				TARGETED_DEVICE_FAMILY = "1,2";
			};
			name = Debug;
		};
		189B91FE2360571A00DA583C /* Release */ = {
			isa = XCBuildConfiguration;
			buildSettings = {
				ASSETCATALOG_COMPILER_APPICON_NAME = AppIcon;
				CODE_SIGN_STYLE = Automatic;
				DEVELOPMENT_TEAM = H5493R3A7B;
				INFOPLIST_FILE = practice1/Info.plist;
				LD_RUNPATH_SEARCH_PATHS = (
					"$(inherited)",
					"@executable_path/Frameworks",
				);
				PRODUCT_BUNDLE_IDENTIFIER = com.apple.practice1;
				PRODUCT_NAME = "$(TARGET_NAME)";
				SWIFT_VERSION = 5.0;
				TARGETED_DEVICE_FAMILY = "1,2";
			};
			name = Release;
		};
/* End XCBuildConfiguration section */

/* Begin XCConfigurationList section */
		189B91E32360571900DA583C /* Build configuration list for PBXProject "practice1" */ = {
			isa = XCConfigurationList;
			buildConfigurations = (
				189B91FA2360571A00DA583C /* Debug */,
				189B91FB2360571A00DA583C /* Release */,
			);
			defaultConfigurationIsVisible = 0;
			defaultConfigurationName = Release;
		};
		189B91FC2360571A00DA583C /* Build configuration list for PBXNativeTarget "practice1" */ = {
			isa = XCConfigurationList;
			buildConfigurations = (
				189B91FD2360571A00DA583C /* Debug */,
				189B91FE2360571A00DA583C /* Release */,
			);
			defaultConfigurationIsVisible = 0;
			defaultConfigurationName = Release;
		};
/* End XCConfigurationList section */
	};
	rootObject = 189B91E02360571900DA583C /* Project object */;
}
