// !$*UTF8*$!
{
	archiveVersion = 1;
	classes = {
	};
	objectVersion = 50;
	objects = {

/* Begin PBXBuildFile section */
		1888CB742361A60B00458DBB /* AppDelegate.swift in Sources */ = {isa = PBXBuildFile; fileRef = 1888CB732361A60B00458DBB /* AppDelegate.swift */; };
		1888CB762361A60B00458DBB /* SceneDelegate.swift in Sources */ = {isa = PBXBuildFile; fileRef = 1888CB752361A60B00458DBB /* SceneDelegate.swift */; };
		1888CB782361A60B00458DBB /* TableViewpracticeControllere.swift in Sources */ = {isa = PBXBuildFile; fileRef = 1888CB772361A60B00458DBB /* TableViewpracticeControllere.swift */; };
		1888CB7B2361A60B00458DBB /* Main.storyboard in Resources */ = {isa = PBXBuildFile; fileRef = 1888CB792361A60B00458DBB /* Main.storyboard */; };
		1888CB7D2361A60C00458DBB /* Assets.xcassets in Resources */ = {isa = PBXBuildFile; fileRef = 1888CB7C2361A60C00458DBB /* Assets.xcassets */; };
		1888CB802361A60C00458DBB /* LaunchScreen.storyboard in Resources */ = {isa = PBXBuildFile; fileRef = 1888CB7E2361A60C00458DBB /* LaunchScreen.storyboard */; };
		1888CB892361B46E00458DBB /* rowCustomTableTableViewCell.swift in Sources */ = {isa = PBXBuildFile; fileRef = 1888CB872361B46E00458DBB /* rowCustomTableTableViewCell.swift */; };
		1888CB8A2361B46E00458DBB /* rowCustomTableTableViewCell.xib in Resources */ = {isa = PBXBuildFile; fileRef = 1888CB882361B46E00458DBB /* rowCustomTableTableViewCell.xib */; };
		1888CB8C2361B66E00458DBB /* data.json in Resources */ = {isa = PBXBuildFile; fileRef = 1888CB8B2361B66E00458DBB /* data.json */; };
		1888CB8E2361B68C00458DBB /* DataModel.swift in Sources */ = {isa = PBXBuildFile; fileRef = 1888CB8D2361B68C00458DBB /* DataModel.swift */; };
/* End PBXBuildFile section */

/* Begin PBXFileReference section */
		1888CB702361A60B00458DBB /* TablePractice.app */ = {isa = PBXFileReference; explicitFileType = wrapper.application; includeInIndex = 0; path = TablePractice.app; sourceTree = BUILT_PRODUCTS_DIR; };
		1888CB732361A60B00458DBB /* AppDelegate.swift */ = {isa = PBXFileReference; lastKnownFileType = sourcecode.swift; path = AppDelegate.swift; sourceTree = "<group>"; };
		1888CB752361A60B00458DBB /* SceneDelegate.swift */ = {isa = PBXFileReference; lastKnownFileType = sourcecode.swift; path = SceneDelegate.swift; sourceTree = "<group>"; };
		1888CB772361A60B00458DBB /* TableViewpracticeControllere.swift */ = {isa = PBXFileReference; lastKnownFileType = sourcecode.swift; path = TableViewpracticeControllere.swift; sourceTree = "<group>"; };
		1888CB7A2361A60B00458DBB /* Base */ = {isa = PBXFileReference; lastKnownFileType = file.storyboard; name = Base; path = Base.lproj/Main.storyboard; sourceTree = "<group>"; };
		1888CB7C2361A60C00458DBB /* Assets.xcassets */ = {isa = PBXFileReference; lastKnownFileType = folder.assetcatalog; path = Assets.xcassets; sourceTree = "<group>"; };
		1888CB7F2361A60C00458DBB /* Base */ = {isa = PBXFileReference; lastKnownFileType = file.storyboard; name = Base; path = Base.lproj/LaunchScreen.storyboard; sourceTree = "<group>"; };
		1888CB812361A60C00458DBB /* Info.plist */ = {isa = PBXFileReference; lastKnownFileType = text.plist.xml; path = Info.plist; sourceTree = "<group>"; };
		1888CB872361B46E00458DBB /* rowCustomTableTableViewCell.swift */ = {isa = PBXFileReference; lastKnownFileType = sourcecode.swift; path = rowCustomTableTableViewCell.swift; sourceTree = "<group>"; };
		1888CB882361B46E00458DBB /* rowCustomTableTableViewCell.xib */ = {isa = PBXFileReference; lastKnownFileType = file.xib; path = rowCustomTableTableViewCell.xib; sourceTree = "<group>"; };
		1888CB8B2361B66E00458DBB /* data.json */ = {isa = PBXFileReference; lastKnownFileType = text.json; path = data.json; sourceTree = "<group>"; };
		1888CB8D2361B68C00458DBB /* DataModel.swift */ = {isa = PBXFileReference; lastKnownFileType = sourcecode.swift; path = DataModel.swift; sourceTree = "<group>"; };
/* End PBXFileReference section */

/* Begin PBXFrameworksBuildPhase section */
		1888CB6D2361A60B00458DBB /* Frameworks */ = {
			isa = PBXFrameworksBuildPhase;
			buildActionMask = 2147483647;
			files = (
			);
			runOnlyForDeploymentPostprocessing = 0;
		};
/* End PBXFrameworksBuildPhase section */

/* Begin PBXGroup section */
		1888CB672361A60B00458DBB = {
			isa = PBXGroup;
			children = (
				1888CB722361A60B00458DBB /* TablePractice */,
				1888CB712361A60B00458DBB /* Products */,
			);
			sourceTree = "<group>";
		};
		1888CB712361A60B00458DBB /* Products */ = {
			isa = PBXGroup;
			children = (
				1888CB702361A60B00458DBB /* TablePractice.app */,
			);
			name = Products;
			sourceTree = "<group>";
		};
		1888CB722361A60B00458DBB /* TablePractice */ = {
			isa = PBXGroup;
			children = (
				1888CB732361A60B00458DBB /* AppDelegate.swift */,
				1888CB752361A60B00458DBB /* SceneDelegate.swift */,
				1888CB772361A60B00458DBB /* TableViewpracticeControllere.swift */,
				1888CB872361B46E00458DBB /* rowCustomTableTableViewCell.swift */,
				1888CB882361B46E00458DBB /* rowCustomTableTableViewCell.xib */,
				1888CB8B2361B66E00458DBB /* data.json */,
				1888CB8D2361B68C00458DBB /* DataModel.swift */,
				1888CB792361A60B00458DBB /* Main.storyboard */,
				1888CB7C2361A60C00458DBB /* Assets.xcassets */,
				1888CB7E2361A60C00458DBB /* LaunchScreen.storyboard */,
				1888CB812361A60C00458DBB /* Info.plist */,
			);
			path = TablePractice;
			sourceTree = "<group>";
		};
/* End PBXGroup section */

/* Begin PBXNativeTarget section */
		1888CB6F2361A60B00458DBB /* TablePractice */ = {
			isa = PBXNativeTarget;
			buildConfigurationList = 1888CB842361A60C00458DBB /* Build configuration list for PBXNativeTarget "TablePractice" */;
			buildPhases = (
				1888CB6C2361A60B00458DBB /* Sources */,
				1888CB6D2361A60B00458DBB /* Frameworks */,
				1888CB6E2361A60B00458DBB /* Resources */,
			);
			buildRules = (
			);
			dependencies = (
			);
			name = TablePractice;
			productName = TablePractice;
			productReference = 1888CB702361A60B00458DBB /* TablePractice.app */;
			productType = "com.apple.product-type.application";
		};
/* End PBXNativeTarget section */

/* Begin PBXProject section */
		1888CB682361A60B00458DBB /* Project object */ = {
			isa = PBXProject;
			attributes = {
				LastSwiftUpdateCheck = 1110;
				LastUpgradeCheck = 1110;
				ORGANIZATIONNAME = apple;
				TargetAttributes = {
					1888CB6F2361A60B00458DBB = {
						CreatedOnToolsVersion = 11.1;
					};
				};
			};
			buildConfigurationList = 1888CB6B2361A60B00458DBB /* Build configuration list for PBXProject "TablePractice" */;
			compatibilityVersion = "Xcode 9.3";
			developmentRegion = en;
			hasScannedForEncodings = 0;
			knownRegions = (
				en,
				Base,
			);
			mainGroup = 1888CB672361A60B00458DBB;
			productRefGroup = 1888CB712361A60B00458DBB /* Products */;
			projectDirPath = "";
			projectRoot = "";
			targets = (
				1888CB6F2361A60B00458DBB /* TablePractice */,
			);
		};
/* End PBXProject section */

/* Begin PBXResourcesBuildPhase section */
		1888CB6E2361A60B00458DBB /* Resources */ = {
			isa = PBXResourcesBuildPhase;
			buildActionMask = 2147483647;
			files = (
				1888CB802361A60C00458DBB /* LaunchScreen.storyboard in Resources */,
				1888CB7D2361A60C00458DBB /* Assets.xcassets in Resources */,
				1888CB8A2361B46E00458DBB /* rowCustomTableTableViewCell.xib in Resources */,
				1888CB8C2361B66E00458DBB /* data.json in Resources */,
				1888CB7B2361A60B00458DBB /* Main.storyboard in Resources */,
			);
			runOnlyForDeploymentPostprocessing = 0;
		};
/* End PBXResourcesBuildPhase section */

/* Begin PBXSourcesBuildPhase section */
		1888CB6C2361A60B00458DBB /* Sources */ = {
			isa = PBXSourcesBuildPhase;
			buildActionMask = 2147483647;
			files = (
				1888CB8E2361B68C00458DBB /* DataModel.swift in Sources */,
				1888CB782361A60B00458DBB /* TableViewpracticeControllere.swift in Sources */,
				1888CB742361A60B00458DBB /* AppDelegate.swift in Sources */,
				1888CB892361B46E00458DBB /* rowCustomTableTableViewCell.swift in Sources */,
				1888CB762361A60B00458DBB /* SceneDelegate.swift in Sources */,
			);
			runOnlyForDeploymentPostprocessing = 0;
		};
/* End PBXSourcesBuildPhase section */

/* Begin PBXVariantGroup section */
		1888CB792361A60B00458DBB /* Main.storyboard */ = {
			isa = PBXVariantGroup;
			children = (
				1888CB7A2361A60B00458DBB /* Base */,
			);
			name = Main.storyboard;
			sourceTree = "<group>";
		};
		1888CB7E2361A60C00458DBB /* LaunchScreen.storyboard */ = {
			isa = PBXVariantGroup;
			children = (
				1888CB7F2361A60C00458DBB /* Base */,
			);
			name = LaunchScreen.storyboard;
			sourceTree = "<group>";
		};
/* End PBXVariantGroup section */

/* Begin XCBuildConfiguration section */
		1888CB822361A60C00458DBB /* Debug */ = {
			isa = XCBuildConfiguration;
			buildSettings = {
				ALWAYS_SEARCH_USER_PATHS = NO;
				CLANG_ANALYZER_NONNULL = YES;
				CLANG_ANALYZER_NUMBER_OBJECT_CONVERSION = YES_AGGRESSIVE;
				CLANG_CXX_LANGUAGE_STANDARD = "gnu++14";
				CLANG_CXX_LIBRARY = "libc++";
				CLANG_ENABLE_MODULES = YES;
				CLANG_ENABLE_OBJC_ARC = YES;
				CLANG_ENABLE_OBJC_WEAK = YES;
				CLANG_WARN_BLOCK_CAPTURE_AUTORELEASING = YES;
				CLANG_WARN_BOOL_CONVERSION = YES;
				CLANG_WARN_COMMA = YES;
				CLANG_WARN_CONSTANT_CONVERSION = YES;
				CLANG_WARN_DEPRECATED_OBJC_IMPLEMENTATIONS = YES;
				CLANG_WARN_DIRECT_OBJC_ISA_USAGE = YES_ERROR;
				CLANG_WARN_DOCUMENTATION_COMMENTS = YES;
				CLANG_WARN_EMPTY_BODY = YES;
				CLANG_WARN_ENUM_CONVERSION = YES;
				CLANG_WARN_INFINITE_RECURSION = YES;
				CLANG_WARN_INT_CONVERSION = YES;
				CLANG_WARN_NON_LITERAL_NULL_CONVERSION = YES;
				CLANG_WARN_OBJC_IMPLICIT_RETAIN_SELF = YES;
				CLANG_WARN_OBJC_LITERAL_CONVERSION = YES;
				CLANG_WARN_OBJC_ROOT_CLASS = YES_ERROR;
				CLANG_WARN_RANGE_LOOP_ANALYSIS = YES;
				CLANG_WARN_STRICT_PROTOTYPES = YES;
				CLANG_WARN_SUSPICIOUS_MOVE = YES;
				CLANG_WARN_UNGUARDED_AVAILABILITY = YES_AGGRESSIVE;
				CLANG_WARN_UNREACHABLE_CODE = YES;
				CLANG_WARN__DUPLICATE_METHOD_MATCH = YES;
				COPY_PHASE_STRIP = NO;
				DEBUG_INFORMATION_FORMAT = dwarf;
				ENABLE_STRICT_OBJC_MSGSEND = YES;
				ENABLE_TESTABILITY = YES;
				GCC_C_LANGUAGE_STANDARD = gnu11;
				GCC_DYNAMIC_NO_PIC = NO;
				GCC_NO_COMMON_BLOCKS = YES;
				GCC_OPTIMIZATION_LEVEL = 0;
				GCC_PREPROCESSOR_DEFINITIONS = (
					"DEBUG=1",
					"$(inherited)",
				);
				GCC_WARN_64_TO_32_BIT_CONVERSION = YES;
				GCC_WARN_ABOUT_RETURN_TYPE = YES_ERROR;
				GCC_WARN_UNDECLARED_SELECTOR = YES;
				GCC_WARN_UNINITIALIZED_AUTOS = YES_AGGRESSIVE;
				GCC_WARN_UNUSED_FUNCTION = YES;
				GCC_WARN_UNUSED_VARIABLE = YES;
				IPHONEOS_DEPLOYMENT_TARGET = 13.1;
				MTL_ENABLE_DEBUG_INFO = INCLUDE_SOURCE;
				MTL_FAST_MATH = YES;
				ONLY_ACTIVE_ARCH = YES;
				SDKROOT = iphoneos;
				SWIFT_ACTIVE_COMPILATION_CONDITIONS = DEBUG;
				SWIFT_OPTIMIZATION_LEVEL = "-Onone";
			};
			name = Debug;
		};
		1888CB832361A60C00458DBB /* Release */ = {
			isa = XCBuildConfiguration;
			buildSettings = {
				ALWAYS_SEARCH_USER_PATHS = NO;
				CLANG_ANALYZER_NONNULL = YES;
				CLANG_ANALYZER_NUMBER_OBJECT_CONVERSION = YES_AGGRESSIVE;
				CLANG_CXX_LANGUAGE_STANDARD = "gnu++14";
				CLANG_CXX_LIBRARY = "libc++";
				CLANG_ENABLE_MODULES = YES;
				CLANG_ENABLE_OBJC_ARC = YES;
				CLANG_ENABLE_OBJC_WEAK = YES;
				CLANG_WARN_BLOCK_CAPTURE_AUTORELEASING = YES;
				CLANG_WARN_BOOL_CONVERSION = YES;
				CLANG_WARN_COMMA = YES;
				CLANG_WARN_CONSTANT_CONVERSION = YES;
				CLANG_WARN_DEPRECATED_OBJC_IMPLEMENTATIONS = YES;
				CLANG_WARN_DIRECT_OBJC_ISA_USAGE = YES_ERROR;
				CLANG_WARN_DOCUMENTATION_COMMENTS = YES;
				CLANG_WARN_EMPTY_BODY = YES;
				CLANG_WARN_ENUM_CONVERSION = YES;
				CLANG_WARN_INFINITE_RECURSION = YES;
				CLANG_WARN_INT_CONVERSION = YES;
				CLANG_WARN_NON_LITERAL_NULL_CONVERSION = YES;
				CLANG_WARN_OBJC_IMPLICIT_RETAIN_SELF = YES;
				CLANG_WARN_OBJC_LITERAL_CONVERSION = YES;
				CLANG_WARN_OBJC_ROOT_CLASS = YES_ERROR;
				CLANG_WARN_RANGE_LOOP_ANALYSIS = YES;
				CLANG_WARN_STRICT_PROTOTYPES = YES;
				CLANG_WARN_SUSPICIOUS_MOVE = YES;
				CLANG_WARN_UNGUARDED_AVAILABILITY = YES_AGGRESSIVE;
				CLANG_WARN_UNREACHABLE_CODE = YES;
				CLANG_WARN__DUPLICATE_METHOD_MATCH = YES;
				COPY_PHASE_STRIP = NO;
				DEBUG_INFORMATION_FORMAT = "dwarf-with-dsym";
				ENABLE_NS_ASSERTIONS = NO;
				ENABLE_STRICT_OBJC_MSGSEND = YES;
				GCC_C_LANGUAGE_STANDARD = gnu11;
				GCC_NO_COMMON_BLOCKS = YES;
				GCC_WARN_64_TO_32_BIT_CONVERSION = YES;
				GCC_WARN_ABOUT_RETURN_TYPE = YES_ERROR;
				GCC_WARN_UNDECLARED_SELECTOR = YES;
				GCC_WARN_UNINITIALIZED_AUTOS = YES_AGGRESSIVE;
				GCC_WARN_UNUSED_FUNCTION = YES;
				GCC_WARN_UNUSED_VARIABLE = YES;
				IPHONEOS_DEPLOYMENT_TARGET = 13.1;
				MTL_ENABLE_DEBUG_INFO = NO;
				MTL_FAST_MATH = YES;
				SDKROOT = iphoneos;
				SWIFT_COMPILATION_MODE = wholemodule;
				SWIFT_OPTIMIZATION_LEVEL = "-O";
				VALIDATE_PRODUCT = YES;
			};
			name = Release;
		};
		1888CB852361A60C00458DBB /* Debug */ = {
			isa = XCBuildConfiguration;
			buildSettings = {
				ASSETCATALOG_COMPILER_APPICON_NAME = AppIcon;
				CODE_SIGN_STYLE = Automatic;
				DEVELOPMENT_TEAM = H5493R3A7B;
				INFOPLIST_FILE = TablePractice/Info.plist;
				LD_RUNPATH_SEARCH_PATHS = (
					"$(inherited)",
					"@executable_path/Frameworks",
				);
				PRODUCT_BUNDLE_IDENTIFIER = com.apple.TablePractice;
				PRODUCT_NAME = "$(TARGET_NAME)";
				SWIFT_VERSION = 5.0;
				TARGETED_DEVICE_FAMILY = "1,2";
			};
			name = Debug;
		};
		1888CB862361A60C00458DBB /* Release */ = {
			isa = XCBuildConfiguration;
			buildSettings = {
				ASSETCATALOG_COMPILER_APPICON_NAME = AppIcon;
				CODE_SIGN_STYLE = Automatic;
				DEVELOPMENT_TEAM = H5493R3A7B;
				INFOPLIST_FILE = TablePractice/Info.plist;
				LD_RUNPATH_SEARCH_PATHS = (
					"$(inherited)",
					"@executable_path/Frameworks",
				);
				PRODUCT_BUNDLE_IDENTIFIER = com.apple.TablePractice;
				PRODUCT_NAME = "$(TARGET_NAME)";
				SWIFT_VERSION = 5.0;
				TARGETED_DEVICE_FAMILY = "1,2";
			};
			name = Release;
		};
/* End XCBuildConfiguration section */

/* Begin XCConfigurationList section */
		1888CB6B2361A60B00458DBB /* Build configuration list for PBXProject "TablePractice" */ = {
			isa = XCConfigurationList;
			buildConfigurations = (
				1888CB822361A60C00458DBB /* Debug */,
				1888CB832361A60C00458DBB /* Release */,
			);
			defaultConfigurationIsVisible = 0;
			defaultConfigurationName = Release;
		};
		1888CB842361A60C00458DBB /* Build configuration list for PBXNativeTarget "TablePractice" */ = {
			isa = XCConfigurationList;
			buildConfigurations = (
				1888CB852361A60C00458DBB /* Debug */,
				1888CB862361A60C00458DBB /* Release */,
			);
			defaultConfigurationIsVisible = 0;
			defaultConfigurationName = Release;
		};
/* End XCConfigurationList section */
	};
	rootObject = 1888CB682361A60B00458DBB /* Project object */;
}
