// !$*UTF8*$!
{
	archiveVersion = 1;
	classes = {
	};
	objectVersion = 50;
	objects = {

/* Begin PBXBuildFile section */
		18015F39237E467B00622E29 /* AppDelegate.swift in Sources */ = {isa = PBXBuildFile; fileRef = 18015F38237E467B00622E29 /* AppDelegate.swift */; };
		18015F3B237E467B00622E29 /* SceneDelegate.swift in Sources */ = {isa = PBXBuildFile; fileRef = 18015F3A237E467B00622E29 /* SceneDelegate.swift */; };
		18015F3D237E467B00622E29 /* ViewController.swift in Sources */ = {isa = PBXBuildFile; fileRef = 18015F3C237E467B00622E29 /* ViewController.swift */; };
		18015F40237E467B00622E29 /* Main.storyboard in Resources */ = {isa = PBXBuildFile; fileRef = 18015F3E237E467B00622E29 /* Main.storyboard */; };
		18015F42237E467D00622E29 /* Assets.xcassets in Resources */ = {isa = PBXBuildFile; fileRef = 18015F41237E467D00622E29 /* Assets.xcassets */; };
		18015F45237E467D00622E29 /* LaunchScreen.storyboard in Resources */ = {isa = PBXBuildFile; fileRef = 18015F43237E467D00622E29 /* LaunchScreen.storyboard */; };
		18015F51237E6EBA00622E29 /* TableViewCell.swift in Sources */ = {isa = PBXBuildFile; fileRef = 18015F4F237E6EBA00622E29 /* TableViewCell.swift */; };
		18015F52237E6EBA00622E29 /* TableViewCell.xib in Resources */ = {isa = PBXBuildFile; fileRef = 18015F50237E6EBA00622E29 /* TableViewCell.xib */; };
/* End PBXBuildFile section */

/* Begin PBXFileReference section */
		18015F35237E467B00622E29 /* CollectionCard.app */ = {isa = PBXFileReference; explicitFileType = wrapper.application; includeInIndex = 0; path = CollectionCard.app; sourceTree = BUILT_PRODUCTS_DIR; };
		18015F38237E467B00622E29 /* AppDelegate.swift */ = {isa = PBXFileReference; lastKnownFileType = sourcecode.swift; path = AppDelegate.swift; sourceTree = "<group>"; };
		18015F3A237E467B00622E29 /* SceneDelegate.swift */ = {isa = PBXFileReference; lastKnownFileType = sourcecode.swift; path = SceneDelegate.swift; sourceTree = "<group>"; };
		18015F3C237E467B00622E29 /* ViewController.swift */ = {isa = PBXFileReference; lastKnownFileType = sourcecode.swift; path = ViewController.swift; sourceTree = "<group>"; };
		18015F3F237E467B00622E29 /* Base */ = {isa = PBXFileReference; lastKnownFileType = file.storyboard; name = Base; path = Base.lproj/Main.storyboard; sourceTree = "<group>"; };
		18015F41237E467D00622E29 /* Assets.xcassets */ = {isa = PBXFileReference; lastKnownFileType = folder.assetcatalog; path = Assets.xcassets; sourceTree = "<group>"; };
		18015F44237E467D00622E29 /* Base */ = {isa = PBXFileReference; lastKnownFileType = file.storyboard; name = Base; path = Base.lproj/LaunchScreen.storyboard; sourceTree = "<group>"; };
		18015F46237E467D00622E29 /* Info.plist */ = {isa = PBXFileReference; lastKnownFileType = text.plist.xml; path = Info.plist; sourceTree = "<group>"; };
		18015F4F237E6EBA00622E29 /* TableViewCell.swift */ = {isa = PBXFileReference; lastKnownFileType = sourcecode.swift; path = TableViewCell.swift; sourceTree = "<group>"; };
		18015F50237E6EBA00622E29 /* TableViewCell.xib */ = {isa = PBXFileReference; lastKnownFileType = file.xib; path = TableViewCell.xib; sourceTree = "<group>"; };
/* End PBXFileReference section */

/* Begin PBXFrameworksBuildPhase section */
		18015F32237E467B00622E29 /* Frameworks */ = {
			isa = PBXFrameworksBuildPhase;
			buildActionMask = 2147483647;
			files = (
			);
			runOnlyForDeploymentPostprocessing = 0;
		};
/* End PBXFrameworksBuildPhase section */

/* Begin PBXGroup section */
		18015F2C237E467B00622E29 = {
			isa = PBXGroup;
			children = (
				18015F37237E467B00622E29 /* CollectionCard */,
				18015F36237E467B00622E29 /* Products */,
			);
			sourceTree = "<group>";
		};
		18015F36237E467B00622E29 /* Products */ = {
			isa = PBXGroup;
			children = (
				18015F35237E467B00622E29 /* CollectionCard.app */,
			);
			name = Products;
			sourceTree = "<group>";
		};
		18015F37237E467B00622E29 /* CollectionCard */ = {
			isa = PBXGroup;
			children = (
				18015F4E237E6E9800622E29 /* cell */,
				18015F38237E467B00622E29 /* AppDelegate.swift */,
				18015F3A237E467B00622E29 /* SceneDelegate.swift */,
				18015F3C237E467B00622E29 /* ViewController.swift */,
				18015F3E237E467B00622E29 /* Main.storyboard */,
				18015F41237E467D00622E29 /* Assets.xcassets */,
				18015F43237E467D00622E29 /* LaunchScreen.storyboard */,
				18015F46237E467D00622E29 /* Info.plist */,
			);
			path = CollectionCard;
			sourceTree = "<group>";
		};
		18015F4E237E6E9800622E29 /* cell */ = {
			isa = PBXGroup;
			children = (
				18015F4F237E6EBA00622E29 /* TableViewCell.swift */,
				18015F50237E6EBA00622E29 /* TableViewCell.xib */,
			);
			path = cell;
			sourceTree = "<group>";
		};
/* End PBXGroup section */

/* Begin PBXNativeTarget section */
		18015F34237E467B00622E29 /* CollectionCard */ = {
			isa = PBXNativeTarget;
			buildConfigurationList = 18015F49237E467D00622E29 /* Build configuration list for PBXNativeTarget "CollectionCard" */;
			buildPhases = (
				18015F31237E467B00622E29 /* Sources */,
				18015F32237E467B00622E29 /* Frameworks */,
				18015F33237E467B00622E29 /* Resources */,
			);
			buildRules = (
			);
			dependencies = (
			);
			name = CollectionCard;
			productName = CollectionCard;
			productReference = 18015F35237E467B00622E29 /* CollectionCard.app */;
			productType = "com.apple.product-type.application";
		};
/* End PBXNativeTarget section */

/* Begin PBXProject section */
		18015F2D237E467B00622E29 /* Project object */ = {
			isa = PBXProject;
			attributes = {
				LastSwiftUpdateCheck = 1110;
				LastUpgradeCheck = 1110;
				ORGANIZATIONNAME = apple;
				TargetAttributes = {
					18015F34237E467B00622E29 = {
						CreatedOnToolsVersion = 11.1;
					};
				};
			};
			buildConfigurationList = 18015F30237E467B00622E29 /* Build configuration list for PBXProject "CollectionCard" */;
			compatibilityVersion = "Xcode 9.3";
			developmentRegion = en;
			hasScannedForEncodings = 0;
			knownRegions = (
				en,
				Base,
			);
			mainGroup = 18015F2C237E467B00622E29;
			productRefGroup = 18015F36237E467B00622E29 /* Products */;
			projectDirPath = "";
			projectRoot = "";
			targets = (
				18015F34237E467B00622E29 /* CollectionCard */,
			);
		};
/* End PBXProject section */

/* Begin PBXResourcesBuildPhase section */
		18015F33237E467B00622E29 /* Resources */ = {
			isa = PBXResourcesBuildPhase;
			buildActionMask = 2147483647;
			files = (
				18015F45237E467D00622E29 /* LaunchScreen.storyboard in Resources */,
				18015F52237E6EBA00622E29 /* TableViewCell.xib in Resources */,
				18015F42237E467D00622E29 /* Assets.xcassets in Resources */,
				18015F40237E467B00622E29 /* Main.storyboard in Resources */,
			);
			runOnlyForDeploymentPostprocessing = 0;
		};
/* End PBXResourcesBuildPhase section */

/* Begin PBXSourcesBuildPhase section */
		18015F31237E467B00622E29 /* Sources */ = {
			isa = PBXSourcesBuildPhase;
			buildActionMask = 2147483647;
			files = (
				18015F51237E6EBA00622E29 /* TableViewCell.swift in Sources */,
				18015F3D237E467B00622E29 /* ViewController.swift in Sources */,
				18015F39237E467B00622E29 /* AppDelegate.swift in Sources */,
				18015F3B237E467B00622E29 /* SceneDelegate.swift in Sources */,
			);
			runOnlyForDeploymentPostprocessing = 0;
		};
/* End PBXSourcesBuildPhase section */

/* Begin PBXVariantGroup section */
		18015F3E237E467B00622E29 /* Main.storyboard */ = {
			isa = PBXVariantGroup;
			children = (
				18015F3F237E467B00622E29 /* Base */,
			);
			name = Main.storyboard;
			sourceTree = "<group>";
		};
		18015F43237E467D00622E29 /* LaunchScreen.storyboard */ = {
			isa = PBXVariantGroup;
			children = (
				18015F44237E467D00622E29 /* Base */,
			);
			name = LaunchScreen.storyboard;
			sourceTree = "<group>";
		};
/* End PBXVariantGroup section */

/* Begin XCBuildConfiguration section */
		18015F47237E467D00622E29 /* Debug */ = {
			isa = XCBuildConfiguration;
			buildSettings = {
				ALWAYS_SEARCH_USER_PATHS = NO;
				CLANG_ANALYZER_NONNULL = YES;
				CLANG_ANALYZER_NUMBER_OBJECT_CONVERSION = YES_AGGRESSIVE;
				CLANG_CXX_LANGUAGE_STANDARD = "gnu++14";
				CLANG_CXX_LIBRARY = "libc++";
				CLANG_ENABLE_MODULES = YES;
				CLANG_ENABLE_OBJC_ARC = YES;
				CLANG_ENABLE_OBJC_WEAK = YES;
				CLANG_WARN_BLOCK_CAPTURE_AUTORELEASING = YES;
				CLANG_WARN_BOOL_CONVERSION = YES;
				CLANG_WARN_COMMA = YES;
				CLANG_WARN_CONSTANT_CONVERSION = YES;
				CLANG_WARN_DEPRECATED_OBJC_IMPLEMENTATIONS = YES;
				CLANG_WARN_DIRECT_OBJC_ISA_USAGE = YES_ERROR;
				CLANG_WARN_DOCUMENTATION_COMMENTS = YES;
				CLANG_WARN_EMPTY_BODY = YES;
				CLANG_WARN_ENUM_CONVERSION = YES;
				CLANG_WARN_INFINITE_RECURSION = YES;
				CLANG_WARN_INT_CONVERSION = YES;
				CLANG_WARN_NON_LITERAL_NULL_CONVERSION = YES;
				CLANG_WARN_OBJC_IMPLICIT_RETAIN_SELF = YES;
				CLANG_WARN_OBJC_LITERAL_CONVERSION = YES;
				CLANG_WARN_OBJC_ROOT_CLASS = YES_ERROR;
				CLANG_WARN_RANGE_LOOP_ANALYSIS = YES;
				CLANG_WARN_STRICT_PROTOTYPES = YES;
				CLANG_WARN_SUSPICIOUS_MOVE = YES;
				CLANG_WARN_UNGUARDED_AVAILABILITY = YES_AGGRESSIVE;
				CLANG_WARN_UNREACHABLE_CODE = YES;
				CLANG_WARN__DUPLICATE_METHOD_MATCH = YES;
				COPY_PHASE_STRIP = NO;
				DEBUG_INFORMATION_FORMAT = dwarf;
				ENABLE_STRICT_OBJC_MSGSEND = YES;
				ENABLE_TESTABILITY = YES;
				GCC_C_LANGUAGE_STANDARD = gnu11;
				GCC_DYNAMIC_NO_PIC = NO;
				GCC_NO_COMMON_BLOCKS = YES;
				GCC_OPTIMIZATION_LEVEL = 0;
				GCC_PREPROCESSOR_DEFINITIONS = (
					"DEBUG=1",
					"$(inherited)",
				);
				GCC_WARN_64_TO_32_BIT_CONVERSION = YES;
				GCC_WARN_ABOUT_RETURN_TYPE = YES_ERROR;
				GCC_WARN_UNDECLARED_SELECTOR = YES;
				GCC_WARN_UNINITIALIZED_AUTOS = YES_AGGRESSIVE;
				GCC_WARN_UNUSED_FUNCTION = YES;
				GCC_WARN_UNUSED_VARIABLE = YES;
				IPHONEOS_DEPLOYMENT_TARGET = 13.1;
				MTL_ENABLE_DEBUG_INFO = INCLUDE_SOURCE;
				MTL_FAST_MATH = YES;
				ONLY_ACTIVE_ARCH = YES;
				SDKROOT = iphoneos;
				SWIFT_ACTIVE_COMPILATION_CONDITIONS = DEBUG;
				SWIFT_OPTIMIZATION_LEVEL = "-Onone";
			};
			name = Debug;
		};
		18015F48237E467D00622E29 /* Release */ = {
			isa = XCBuildConfiguration;
			buildSettings = {
				ALWAYS_SEARCH_USER_PATHS = NO;
				CLANG_ANALYZER_NONNULL = YES;
				CLANG_ANALYZER_NUMBER_OBJECT_CONVERSION = YES_AGGRESSIVE;
				CLANG_CXX_LANGUAGE_STANDARD = "gnu++14";
				CLANG_CXX_LIBRARY = "libc++";
				CLANG_ENABLE_MODULES = YES;
				CLANG_ENABLE_OBJC_ARC = YES;
				CLANG_ENABLE_OBJC_WEAK = YES;
				CLANG_WARN_BLOCK_CAPTURE_AUTORELEASING = YES;
				CLANG_WARN_BOOL_CONVERSION = YES;
				CLANG_WARN_COMMA = YES;
				CLANG_WARN_CONSTANT_CONVERSION = YES;
				CLANG_WARN_DEPRECATED_OBJC_IMPLEMENTATIONS = YES;
				CLANG_WARN_DIRECT_OBJC_ISA_USAGE = YES_ERROR;
				CLANG_WARN_DOCUMENTATION_COMMENTS = YES;
				CLANG_WARN_EMPTY_BODY = YES;
				CLANG_WARN_ENUM_CONVERSION = YES;
				CLANG_WARN_INFINITE_RECURSION = YES;
				CLANG_WARN_INT_CONVERSION = YES;
				CLANG_WARN_NON_LITERAL_NULL_CONVERSION = YES;
				CLANG_WARN_OBJC_IMPLICIT_RETAIN_SELF = YES;
				CLANG_WARN_OBJC_LITERAL_CONVERSION = YES;
				CLANG_WARN_OBJC_ROOT_CLASS = YES_ERROR;
				CLANG_WARN_RANGE_LOOP_ANALYSIS = YES;
				CLANG_WARN_STRICT_PROTOTYPES = YES;
				CLANG_WARN_SUSPICIOUS_MOVE = YES;
				CLANG_WARN_UNGUARDED_AVAILABILITY = YES_AGGRESSIVE;
				CLANG_WARN_UNREACHABLE_CODE = YES;
				CLANG_WARN__DUPLICATE_METHOD_MATCH = YES;
				COPY_PHASE_STRIP = NO;
				DEBUG_INFORMATION_FORMAT = "dwarf-with-dsym";
				ENABLE_NS_ASSERTIONS = NO;
				ENABLE_STRICT_OBJC_MSGSEND = YES;
				GCC_C_LANGUAGE_STANDARD = gnu11;
				GCC_NO_COMMON_BLOCKS = YES;
				GCC_WARN_64_TO_32_BIT_CONVERSION = YES;
				GCC_WARN_ABOUT_RETURN_TYPE = YES_ERROR;
				GCC_WARN_UNDECLARED_SELECTOR = YES;
				GCC_WARN_UNINITIALIZED_AUTOS = YES_AGGRESSIVE;
				GCC_WARN_UNUSED_FUNCTION = YES;
				GCC_WARN_UNUSED_VARIABLE = YES;
				IPHONEOS_DEPLOYMENT_TARGET = 13.1;
				MTL_ENABLE_DEBUG_INFO = NO;
				MTL_FAST_MATH = YES;
				SDKROOT = iphoneos;
				SWIFT_COMPILATION_MODE = wholemodule;
				SWIFT_OPTIMIZATION_LEVEL = "-O";
				VALIDATE_PRODUCT = YES;
			};
			name = Release;
		};
		18015F4A237E467D00622E29 /* Debug */ = {
			isa = XCBuildConfiguration;
			buildSettings = {
				ASSETCATALOG_COMPILER_APPICON_NAME = AppIcon;
				CODE_SIGN_STYLE = Automatic;
				DEVELOPMENT_TEAM = H5493R3A7B;
				INFOPLIST_FILE = CollectionCard/Info.plist;
				LD_RUNPATH_SEARCH_PATHS = (
					"$(inherited)",
					"@executable_path/Frameworks",
				);
				PRODUCT_BUNDLE_IDENTIFIER = com.apple.CollectionCard;
				PRODUCT_NAME = "$(TARGET_NAME)";
				SWIFT_VERSION = 5.0;
				TARGETED_DEVICE_FAMILY = "1,2";
			};
			name = Debug;
		};
		18015F4B237E467D00622E29 /* Release */ = {
			isa = XCBuildConfiguration;
			buildSettings = {
				ASSETCATALOG_COMPILER_APPICON_NAME = AppIcon;
				CODE_SIGN_STYLE = Automatic;
				DEVELOPMENT_TEAM = H5493R3A7B;
				INFOPLIST_FILE = CollectionCard/Info.plist;
				LD_RUNPATH_SEARCH_PATHS = (
					"$(inherited)",
					"@executable_path/Frameworks",
				);
				PRODUCT_BUNDLE_IDENTIFIER = com.apple.CollectionCard;
				PRODUCT_NAME = "$(TARGET_NAME)";
				SWIFT_VERSION = 5.0;
				TARGETED_DEVICE_FAMILY = "1,2";
			};
			name = Release;
		};
/* End XCBuildConfiguration section */

/* Begin XCConfigurationList section */
		18015F30237E467B00622E29 /* Build configuration list for PBXProject "CollectionCard" */ = {
			isa = XCConfigurationList;
			buildConfigurations = (
				18015F47237E467D00622E29 /* Debug */,
				18015F48237E467D00622E29 /* Release */,
			);
			defaultConfigurationIsVisible = 0;
			defaultConfigurationName = Release;
		};
		18015F49237E467D00622E29 /* Build configuration list for PBXNativeTarget "CollectionCard" */ = {
			isa = XCConfigurationList;
			buildConfigurations = (
				18015F4A237E467D00622E29 /* Debug */,
				18015F4B237E467D00622E29 /* Release */,
			);
			defaultConfigurationIsVisible = 0;
			defaultConfigurationName = Release;
		};
/* End XCConfigurationList section */
	};
	rootObject = 18015F2D237E467B00622E29 /* Project object */;
}
